
Microsoft Visual Studio Solution File, Format Version 12.00
# Visual Studio Version 17
VisualStudioVersion = 17.0.31903.59
MinimumVisualStudioVersion = 10.0.40219.1
Project("{2150E333-8FDC-42A3-9474-1A3956D46DE8}") = "src", "src", "{827E0CD3-B72D-47B6-A68D-7590B98EB39B}"
EndProject
Project("{FAE04EC0-301F-11D3-BF4B-00C04F79EFBC}") = "EMS.Domain", "src\EMS.Domain\EMS.Domain.csproj", "{62D31C39-2091-4FCA-88E7-FBC0D887263B}"
EndProject
Project("{FAE04EC0-301F-11D3-BF4B-00C04F79EFBC}") = "EMS.Infrastructure", "src\EMS.Infrastructure\EMS.Infrastructure.csproj", "{03C274E6-47D3-4DE0-A9D1-8E5D222AFE6C}"
EndProject
Project("{FAE04EC0-301F-11D3-BF4B-00C04F79EFBC}") = "EMS.API", "src\EMS.API\EMS.API.csproj", "{8CAB6E2E-B653-4139-BAAA-EF93811AECF2}"
EndProject
Project("{FAE04EC0-301F-11D3-BF4B-00C04F79EFBC}") = "EMS.Application", "src\EMS.Application\EMS.Application.csproj", "{AE522296-5548-41AC-A86D-BC4652F02F4E}"
EndProject
Global
	GlobalSection(SolutionConfigurationPlatforms) = preSolution
		Debug|Any CPU = Debug|Any CPU
		Debug|x64 = Debug|x64
		Debug|x86 = Debug|x86
		Release|Any CPU = Release|Any CPU
		Release|x64 = Release|x64
		Release|x86 = Release|x86
	EndGlobalSection
	GlobalSection(ProjectConfigurationPlatforms) = postSolution
		{62D31C39-2091-4FCA-88E7-FBC0D887263B}.Debug|Any CPU.ActiveCfg = Debug|Any CPU
		{62D31C39-2091-4FCA-88E7-FBC0D887263B}.Debug|Any CPU.Build.0 = Debug|Any CPU
		{62D31C39-2091-4FCA-88E7-FBC0D887263B}.Debug|x64.ActiveCfg = Debug|Any CPU
		{62D31C39-2091-4FCA-88E7-FBC0D887263B}.Debug|x64.Build.0 = Debug|Any CPU
		{62D31C39-2091-4FCA-88E7-FBC0D887263B}.Debug|x86.ActiveCfg = Debug|Any CPU
		{62D31C39-2091-4FCA-88E7-FBC0D887263B}.Debug|x86.Build.0 = Debug|Any CPU
		{62D31C39-2091-4FCA-88E7-FBC0D887263B}.Release|Any CPU.ActiveCfg = Release|Any CPU
		{62D31C39-2091-4FCA-88E7-FBC0D887263B}.Release|Any CPU.Build.0 = Release|Any CPU
		{62D31C39-2091-4FCA-88E7-FBC0D887263B}.Release|x64.ActiveCfg = Release|Any CPU
		{62D31C39-2091-4FCA-88E7-FBC0D887263B}.Release|x64.Build.0 = Release|Any CPU
		{62D31C39-2091-4FCA-88E7-FBC0D887263B}.Release|x86.ActiveCfg = Release|Any CPU
		{62D31C39-2091-4FCA-88E7-FBC0D887263B}.Release|x86.Build.0 = Release|Any CPU
		{03C274E6-47D3-4DE0-A9D1-8E5D222AFE6C}.Debug|Any CPU.ActiveCfg = Debug|Any CPU
		{03C274E6-47D3-4DE0-A9D1-8E5D222AFE6C}.Debug|Any CPU.Build.0 = Debug|Any CPU
		{03C274E6-47D3-4DE0-A9D1-8E5D222AFE6C}.Debug|x64.ActiveCfg = Debug|Any CPU
		{03C274E6-47D3-4DE0-A9D1-8E5D222AFE6C}.Debug|x64.Build.0 = Debug|Any CPU
		{03C274E6-47D3-4DE0-A9D1-8E5D222AFE6C}.Debug|x86.ActiveCfg = Debug|Any CPU
		{03C274E6-47D3-4DE0-A9D1-8E5D222AFE6C}.Debug|x86.Build.0 = Debug|Any CPU
		{03C274E6-47D3-4DE0-A9D1-8E5D222AFE6C}.Release|Any CPU.ActiveCfg = Release|Any CPU
		{03C274E6-47D3-4DE0-A9D1-8E5D222AFE6C}.Release|Any CPU.Build.0 = Release|Any CPU
		{03C274E6-47D3-4DE0-A9D1-8E5D222AFE6C}.Release|x64.ActiveCfg = Release|Any CPU
		{03C274E6-47D3-4DE0-A9D1-8E5D222AFE6C}.Release|x64.Build.0 = Release|Any CPU
		{03C274E6-47D3-4DE0-A9D1-8E5D222AFE6C}.Release|x86.ActiveCfg = Release|Any CPU
		{03C274E6-47D3-4DE0-A9D1-8E5D222AFE6C}.Release|x86.Build.0 = Release|Any CPU
		{8CAB6E2E-B653-4139-BAAA-EF93811AECF2}.Debug|Any CPU.ActiveCfg = Debug|Any CPU
		{8CAB6E2E-B653-4139-BAAA-EF93811AECF2}.Debug|Any CPU.Build.0 = Debug|Any CPU
		{8CAB6E2E-B653-4139-BAAA-EF93811AECF2}.Debug|x64.ActiveCfg = Debug|Any CPU
		{8CAB6E2E-B653-4139-BAAA-EF93811AECF2}.Debug|x64.Build.0 = Debug|Any CPU
		{8CAB6E2E-B653-4139-BAAA-EF93811AECF2}.Debug|x86.ActiveCfg = Debug|Any CPU
		{8CAB6E2E-B653-4139-BAAA-EF93811AECF2}.Debug|x86.Build.0 = Debug|Any CPU
		{8CAB6E2E-B653-4139-BAAA-EF93811AECF2}.Release|Any CPU.ActiveCfg = Release|Any CPU
		{8CAB6E2E-B653-4139-BAAA-EF93811AECF2}.Release|Any CPU.Build.0 = Release|Any CPU
		{8CAB6E2E-B653-4139-BAAA-EF93811AECF2}.Release|x64.ActiveCfg = Release|Any CPU
		{8CAB6E2E-B653-4139-BAAA-EF93811AECF2}.Release|x64.Build.0 = Release|Any CPU
		{8CAB6E2E-B653-4139-BAAA-EF93811AECF2}.Release|x86.ActiveCfg = Release|Any CPU
		{8CAB6E2E-B653-4139-BAAA-EF93811AECF2}.Release|x86.Build.0 = Release|Any CPU
		{AE522296-5548-41AC-A86D-BC4652F02F4E}.Debug|Any CPU.ActiveCfg = Debug|Any CPU
		{AE522296-5548-41AC-A86D-BC4652F02F4E}.Debug|Any CPU.Build.0 = Debug|Any CPU
		{AE522296-5548-41AC-A86D-BC4652F02F4E}.Debug|x64.ActiveCfg = Debug|Any CPU
		{AE522296-5548-41AC-A86D-BC4652F02F4E}.Debug|x64.Build.0 = Debug|Any CPU
		{AE522296-5548-41AC-A86D-BC4652F02F4E}.Debug|x86.ActiveCfg = Debug|Any CPU
		{AE522296-5548-41AC-A86D-BC4652F02F4E}.Debug|x86.Build.0 = Debug|Any CPU
		{AE522296-5548-41AC-A86D-BC4652F02F4E}.Release|Any CPU.ActiveCfg = Release|Any CPU
		{AE522296-5548-41AC-A86D-BC4652F02F4E}.Release|Any CPU.Build.0 = Release|Any CPU
		{AE522296-5548-41AC-A86D-BC4652F02F4E}.Release|x64.ActiveCfg = Release|Any CPU
		{AE522296-5548-41AC-A86D-BC4652F02F4E}.Release|x64.Build.0 = Release|Any CPU
		{AE522296-5548-41AC-A86D-BC4652F02F4E}.Release|x86.ActiveCfg = Release|Any CPU
		{AE522296-5548-41AC-A86D-BC4652F02F4E}.Release|x86.Build.0 = Release|Any CPU
	EndGlobalSection
	GlobalSection(SolutionProperties) = preSolution
		HideSolutionNode = FALSE
	EndGlobalSection
	GlobalSection(NestedProjects) = preSolution
		{62D31C39-2091-4FCA-88E7-FBC0D887263B} = {827E0CD3-B72D-47B6-A68D-7590B98EB39B}
		{03C274E6-47D3-4DE0-A9D1-8E5D222AFE6C} = {827E0CD3-B72D-47B6-A68D-7590B98EB39B}
		{8CAB6E2E-B653-4139-BAAA-EF93811AECF2} = {827E0CD3-B72D-47B6-A68D-7590B98EB39B}
		{AE522296-5548-41AC-A86D-BC4652F02F4E} = {827E0CD3-B72D-47B6-A68D-7590B98EB39B}
	EndGlobalSection
EndGlobal
